// !$*UTF8*$!
{
	archiveVersion = 1;
	classes = {
	};
	objectVersion = 50;
	objects = {

/* Begin PBXBuildFile section */
		CF40520E268C2D9200B36F0C /* AppDelegate.swift in Sources */ = {isa = PBXBuildFile; fileRef = CF40520D268C2D9200B36F0C /* AppDelegate.swift */; };
		CF405210268C2D9200B36F0C /* SceneDelegate.swift in Sources */ = {isa = PBXBuildFile; fileRef = CF40520F268C2D9200B36F0C /* SceneDelegate.swift */; };
		CF405212268C2D9200B36F0C /* ViewController.swift in Sources */ = {isa = PBXBuildFile; fileRef = CF405211268C2D9200B36F0C /* ViewController.swift */; };
		CF405215268C2D9200B36F0C /* Main.storyboard in Resources */ = {isa = PBXBuildFile; fileRef = CF405213268C2D9200B36F0C /* Main.storyboard */; };
		CF405217268C2D9500B36F0C /* Assets.xcassets in Resources */ = {isa = PBXBuildFile; fileRef = CF405216268C2D9500B36F0C /* Assets.xcassets */; };
		CF40521A268C2D9500B36F0C /* LaunchScreen.storyboard in Resources */ = {isa = PBXBuildFile; fileRef = CF405218268C2D9500B36F0C /* LaunchScreen.storyboard */; };
/* End PBXBuildFile section */

/* Begin PBXFileReference section */
		CF40520A268C2D9200B36F0C /* passingValuesInSegue..app */ = {isa = PBXFileReference; explicitFileType = wrapper.application; includeInIndex = 0; path = passingValuesInSegue..app; sourceTree = BUILT_PRODUCTS_DIR; };
		CF40520D268C2D9200B36F0C /* AppDelegate.swift */ = {isa = PBXFileReference; lastKnownFileType = sourcecode.swift; path = AppDelegate.swift; sourceTree = "<group>"; };
		CF40520F268C2D9200B36F0C /* SceneDelegate.swift */ = {isa = PBXFileReference; lastKnownFileType = sourcecode.swift; path = SceneDelegate.swift; sourceTree = "<group>"; };
		CF405211268C2D9200B36F0C /* ViewController.swift */ = {isa = PBXFileReference; lastKnownFileType = sourcecode.swift; path = ViewController.swift; sourceTree = "<group>"; };
		CF405214268C2D9200B36F0C /* Base */ = {isa = PBXFileReference; lastKnownFileType = file.storyboard; name = Base; path = Base.lproj/Main.storyboard; sourceTree = "<group>"; };
		CF405216268C2D9500B36F0C /* Assets.xcassets */ = {isa = PBXFileReference; lastKnownFileType = folder.assetcatalog; path = Assets.xcassets; sourceTree = "<group>"; };
		CF405219268C2D9500B36F0C /* Base */ = {isa = PBXFileReference; lastKnownFileType = file.storyboard; name = Base; path = Base.lproj/LaunchScreen.storyboard; sourceTree = "<group>"; };
		CF40521B268C2D9500B36F0C /* Info.plist */ = {isa = PBXFileReference; lastKnownFileType = text.plist.xml; path = Info.plist; sourceTree = "<group>"; };
/* End PBXFileReference section */

/* Begin PBXFrameworksBuildPhase section */
		CF405207268C2D9200B36F0C /* Frameworks */ = {
			isa = PBXFrameworksBuildPhase;
			buildActionMask = 2147483647;
			files = (
			);
			runOnlyForDeploymentPostprocessing = 0;
		};
/* End PBXFrameworksBuildPhase section */

/* Begin PBXGroup section */
		CF405201268C2D9200B36F0C = {
			isa = PBXGroup;
			children = (
				CF40520C268C2D9200B36F0C /* passingValuesInSegue. */,
				CF40520B268C2D9200B36F0C /* Products */,
			);
			sourceTree = "<group>";
		};
		CF40520B268C2D9200B36F0C /* Products */ = {
			isa = PBXGroup;
			children = (
				CF40520A268C2D9200B36F0C /* passingValuesInSegue..app */,
			);
			name = Products;
			sourceTree = "<group>";
		};
		CF40520C268C2D9200B36F0C /* passingValuesInSegue. */ = {
			isa = PBXGroup;
			children = (
				CF40520D268C2D9200B36F0C /* AppDelegate.swift */,
				CF40520F268C2D9200B36F0C /* SceneDelegate.swift */,
				CF405211268C2D9200B36F0C /* ViewController.swift */,
				CF405213268C2D9200B36F0C /* Main.storyboard */,
				CF405216268C2D9500B36F0C /* Assets.xcassets */,
				CF405218268C2D9500B36F0C /* LaunchScreen.storyboard */,
				CF40521B268C2D9500B36F0C /* Info.plist */,
			);
			path = passingValuesInSegue.;
			sourceTree = "<group>";
		};
/* End PBXGroup section */

/* Begin PBXNativeTarget section */
		CF405209268C2D9200B36F0C /* passingValuesInSegue. */ = {
			isa = PBXNativeTarget;
			buildConfigurationList = CF40521E268C2D9500B36F0C /* Build configuration list for PBXNativeTarget "passingValuesInSegue." */;
			buildPhases = (
				CF405206268C2D9200B36F0C /* Sources */,
				CF405207268C2D9200B36F0C /* Frameworks */,
				CF405208268C2D9200B36F0C /* Resources */,
			);
			buildRules = (
			);
			dependencies = (
			);
			name = passingValuesInSegue.;
			productName = passingValuesInSegue.;
			productReference = CF40520A268C2D9200B36F0C /* passingValuesInSegue..app */;
			productType = "com.apple.product-type.application";
		};
/* End PBXNativeTarget section */

/* Begin PBXProject section */
		CF405202268C2D9200B36F0C /* Project object */ = {
			isa = PBXProject;
			attributes = {
				LastSwiftUpdateCheck = 1250;
				LastUpgradeCheck = 1250;
				TargetAttributes = {
					CF405209268C2D9200B36F0C = {
						CreatedOnToolsVersion = 12.5;
					};
				};
			};
			buildConfigurationList = CF405205268C2D9200B36F0C /* Build configuration list for PBXProject "passingValuesInSegue." */;
			compatibilityVersion = "Xcode 9.3";
			developmentRegion = en;
			hasScannedForEncodings = 0;
			knownRegions = (
				en,
				Base,
			);
			mainGroup = CF405201268C2D9200B36F0C;
			productRefGroup = CF40520B268C2D9200B36F0C /* Products */;
			projectDirPath = "";
			projectRoot = "";
			targets = (
				CF405209268C2D9200B36F0C /* passingValuesInSegue. */,
			);
		};
/* End PBXProject section */

/* Begin PBXResourcesBuildPhase section */
		CF405208268C2D9200B36F0C /* Resources */ = {
			isa = PBXResourcesBuildPhase;
			buildActionMask = 2147483647;
			files = (
				CF40521A268C2D9500B36F0C /* LaunchScreen.storyboard in Resources */,
				CF405217268C2D9500B36F0C /* Assets.xcassets in Resources */,
				CF405215268C2D9200B36F0C /* Main.storyboard in Resources */,
			);
			runOnlyForDeploymentPostprocessing = 0;
		};
/* End PBXResourcesBuildPhase section */

/* Begin PBXSourcesBuildPhase section */
		CF405206268C2D9200B36F0C /* Sources */ = {
			isa = PBXSourcesBuildPhase;
			buildActionMask = 2147483647;
			files = (
				CF405212268C2D9200B36F0C /* ViewController.swift in Sources */,
				CF40520E268C2D9200B36F0C /* AppDelegate.swift in Sources */,
				CF405210268C2D9200B36F0C /* SceneDelegate.swift in Sources */,
			);
			runOnlyForDeploymentPostprocessing = 0;
		};
/* End PBXSourcesBuildPhase section */

/* Begin PBXVariantGroup section */
		CF405213268C2D9200B36F0C /* Main.storyboard */ = {
			isa = PBXVariantGroup;
			children = (
				CF405214268C2D9200B36F0C /* Base */,
			);
			name = Main.storyboard;
			sourceTree = "<group>";
		};
		CF405218268C2D9500B36F0C /* LaunchScreen.storyboard */ = {
			isa = PBXVariantGroup;
			children = (
				CF405219268C2D9500B36F0C /* Base */,
			);
			name = LaunchScreen.storyboard;
			sourceTree = "<group>";
		};
/* End PBXVariantGroup section */

/* Begin XCBuildConfiguration section */
		CF40521C268C2D9500B36F0C /* Debug */ = {
			isa = XCBuildConfiguration;
			buildSettings = {
				ALWAYS_SEARCH_USER_PATHS = NO;
				CLANG_ANALYZER_NONNULL = YES;
				CLANG_ANALYZER_NUMBER_OBJECT_CONVERSION = YES_AGGRESSIVE;
				CLANG_CXX_LANGUAGE_STANDARD = "gnu++14";
				CLANG_CXX_LIBRARY = "libc++";
				CLANG_ENABLE_MODULES = YES;
				CLANG_ENABLE_OBJC_ARC = YES;
				CLANG_ENABLE_OBJC_WEAK = YES;
				CLANG_WARN_BLOCK_CAPTURE_AUTORELEASING = YES;
				CLANG_WARN_BOOL_CONVERSION = YES;
				CLANG_WARN_COMMA = YES;
				CLANG_WARN_CONSTANT_CONVERSION = YES;
				CLANG_WARN_DEPRECATED_OBJC_IMPLEMENTATIONS = YES;
				CLANG_WARN_DIRECT_OBJC_ISA_USAGE = YES_ERROR;
				CLANG_WARN_DOCUMENTATION_COMMENTS = YES;
				CLANG_WARN_EMPTY_BODY = YES;
				CLANG_WARN_ENUM_CONVERSION = YES;
				CLANG_WARN_INFINITE_RECURSION = YES;
				CLANG_WARN_INT_CONVERSION = YES;
				CLANG_WARN_NON_LITERAL_NULL_CONVERSION = YES;
				CLANG_WARN_OBJC_IMPLICIT_RETAIN_SELF = YES;
				CLANG_WARN_OBJC_LITERAL_CONVERSION = YES;
				CLANG_WARN_OBJC_ROOT_CLASS = YES_ERROR;
				CLANG_WARN_QUOTED_INCLUDE_IN_FRAMEWORK_HEADER = YES;
				CLANG_WARN_RANGE_LOOP_ANALYSIS = YES;
				CLANG_WARN_STRICT_PROTOTYPES = YES;
				CLANG_WARN_SUSPICIOUS_MOVE = YES;
				CLANG_WARN_UNGUARDED_AVAILABILITY = YES_AGGRESSIVE;
				CLANG_WARN_UNREACHABLE_CODE = YES;
				CLANG_WARN__DUPLICATE_METHOD_MATCH = YES;
				COPY_PHASE_STRIP = NO;
				DEBUG_INFORMATION_FORMAT = dwarf;
				ENABLE_STRICT_OBJC_MSGSEND = YES;
				ENABLE_TESTABILITY = YES;
				GCC_C_LANGUAGE_STANDARD = gnu11;
				GCC_DYNAMIC_NO_PIC = NO;
				GCC_NO_COMMON_BLOCKS = YES;
				GCC_OPTIMIZATION_LEVEL = 0;
				GCC_PREPROCESSOR_DEFINITIONS = (
					"DEBUG=1",
					"$(inherited)",
				);
				GCC_WARN_64_TO_32_BIT_CONVERSION = YES;
				GCC_WARN_ABOUT_RETURN_TYPE = YES_ERROR;
				GCC_WARN_UNDECLARED_SELECTOR = YES;
				GCC_WARN_UNINITIALIZED_AUTOS = YES_AGGRESSIVE;
				GCC_WARN_UNUSED_FUNCTION = YES;
				GCC_WARN_UNUSED_VARIABLE = YES;
				IPHONEOS_DEPLOYMENT_TARGET = 14.5;
				MTL_ENABLE_DEBUG_INFO = INCLUDE_SOURCE;
				MTL_FAST_MATH = YES;
				ONLY_ACTIVE_ARCH = YES;
				SDKROOT = iphoneos;
				SWIFT_ACTIVE_COMPILATION_CONDITIONS = DEBUG;
				SWIFT_OPTIMIZATION_LEVEL = "-Onone";
			};
			name = Debug;
		};
		CF40521D268C2D9500B36F0C /* Release */ = {
			isa = XCBuildConfiguration;
			buildSettings = {
				ALWAYS_SEARCH_USER_PATHS = NO;
				CLANG_ANALYZER_NONNULL = YES;
				CLANG_ANALYZER_NUMBER_OBJECT_CONVERSION = YES_AGGRESSIVE;
				CLANG_CXX_LANGUAGE_STANDARD = "gnu++14";
				CLANG_CXX_LIBRARY = "libc++";
				CLANG_ENABLE_MODULES = YES;
				CLANG_ENABLE_OBJC_ARC = YES;
				CLANG_ENABLE_OBJC_WEAK = YES;
				CLANG_WARN_BLOCK_CAPTURE_AUTORELEASING = YES;
				CLANG_WARN_BOOL_CONVERSION = YES;
				CLANG_WARN_COMMA = YES;
				CLANG_WARN_CONSTANT_CONVERSION = YES;
				CLANG_WARN_DEPRECATED_OBJC_IMPLEMENTATIONS = YES;
				CLANG_WARN_DIRECT_OBJC_ISA_USAGE = YES_ERROR;
				CLANG_WARN_DOCUMENTATION_COMMENTS = YES;
				CLANG_WARN_EMPTY_BODY = YES;
				CLANG_WARN_ENUM_CONVERSION = YES;
				CLANG_WARN_INFINITE_RECURSION = YES;
				CLANG_WARN_INT_CONVERSION = YES;
				CLANG_WARN_NON_LITERAL_NULL_CONVERSION = YES;
				CLANG_WARN_OBJC_IMPLICIT_RETAIN_SELF = YES;
				CLANG_WARN_OBJC_LITERAL_CONVERSION = YES;
				CLANG_WARN_OBJC_ROOT_CLASS = YES_ERROR;
				CLANG_WARN_QUOTED_INCLUDE_IN_FRAMEWORK_HEADER = YES;
				CLANG_WARN_RANGE_LOOP_ANALYSIS = YES;
				CLANG_WARN_STRICT_PROTOTYPES = YES;
				CLANG_WARN_SUSPICIOUS_MOVE = YES;
				CLANG_WARN_UNGUARDED_AVAILABILITY = YES_AGGRESSIVE;
				CLANG_WARN_UNREACHABLE_CODE = YES;
				CLANG_WARN__DUPLICATE_METHOD_MATCH = YES;
				COPY_PHASE_STRIP = NO;
				DEBUG_INFORMATION_FORMAT = "dwarf-with-dsym";
				ENABLE_NS_ASSERTIONS = NO;
				ENABLE_STRICT_OBJC_MSGSEND = YES;
				GCC_C_LANGUAGE_STANDARD = gnu11;
				GCC_NO_COMMON_BLOCKS = YES;
				GCC_WARN_64_TO_32_BIT_CONVERSION = YES;
				GCC_WARN_ABOUT_RETURN_TYPE = YES_ERROR;
				GCC_WARN_UNDECLARED_SELECTOR = YES;
				GCC_WARN_UNINITIALIZED_AUTOS = YES_AGGRESSIVE;
				GCC_WARN_UNUSED_FUNCTION = YES;
				GCC_WARN_UNUSED_VARIABLE = YES;
				IPHONEOS_DEPLOYMENT_TARGET = 14.5;
				MTL_ENABLE_DEBUG_INFO = NO;
				MTL_FAST_MATH = YES;
				SDKROOT = iphoneos;
				SWIFT_COMPILATION_MODE = wholemodule;
				SWIFT_OPTIMIZATION_LEVEL = "-O";
				VALIDATE_PRODUCT = YES;
			};
			name = Release;
		};
		CF40521F268C2D9500B36F0C /* Debug */ = {
			isa = XCBuildConfiguration;
			buildSettings = {
				ASSETCATALOG_COMPILER_APPICON_NAME = AppIcon;
				ASSETCATALOG_COMPILER_GLOBAL_ACCENT_COLOR_NAME = AccentColor;
				CODE_SIGN_STYLE = Automatic;
				DEVELOPMENT_TEAM = XS2R7967QT;
				INFOPLIST_FILE = passingValuesInSegue./Info.plist;
				LD_RUNPATH_SEARCH_PATHS = (
					"$(inherited)",
					"@executable_path/Frameworks",
				);
				PRODUCT_BUNDLE_IDENTIFIER = "cow.iwaski.passingValuesInSegue-";
				PRODUCT_NAME = "$(TARGET_NAME)";
				SWIFT_VERSION = 5.0;
				TARGETED_DEVICE_FAMILY = "1,2";
			};
			name = Debug;
		};
		CF405220268C2D9500B36F0C /* Release */ = {
			isa = XCBuildConfiguration;
			buildSettings = {
				ASSETCATALOG_COMPILER_APPICON_NAME = AppIcon;
				ASSETCATALOG_COMPILER_GLOBAL_ACCENT_COLOR_NAME = AccentColor;
				CODE_SIGN_STYLE = Automatic;
				DEVELOPMENT_TEAM = XS2R7967QT;
				INFOPLIST_FILE = passingValuesInSegue./Info.plist;
				LD_RUNPATH_SEARCH_PATHS = (
					"$(inherited)",
					"@executable_path/Frameworks",
				);
				PRODUCT_BUNDLE_IDENTIFIER = "cow.iwaski.passingValuesInSegue-";
				PRODUCT_NAME = "$(TARGET_NAME)";
				SWIFT_VERSION = 5.0;
				TARGETED_DEVICE_FAMILY = "1,2";
			};
			name = Release;
		};
/* End XCBuildConfiguration section */

/* Begin XCConfigurationList section */
		CF405205268C2D9200B36F0C /* Build configuration list for PBXProject "passingValuesInSegue." */ = {
			isa = XCConfigurationList;
			buildConfigurations = (
				CF40521C268C2D9500B36F0C /* Debug */,
				CF40521D268C2D9500B36F0C /* Release */,
			);
			defaultConfigurationIsVisible = 0;
			defaultConfigurationName = Release;
		};
		CF40521E268C2D9500B36F0C /* Build configuration list for PBXNativeTarget "passingValuesInSegue." */ = {
			isa = XCConfigurationList;
			buildConfigurations = (
				CF40521F268C2D9500B36F0C /* Debug */,
				CF405220268C2D9500B36F0C /* Release */,
			);
			defaultConfigurationIsVisible = 0;
			defaultConfigurationName = Release;
		};
/* End XCConfigurationList section */
	};
	rootObject = CF405202268C2D9200B36F0C /* Project object */;
}
